{
	"name": "@rbxts/spr",
	"version": "1.0.1",
	"lockfileVersion": 3,
	"requires": true,
	"packages": {
		"": {
			"name": "@rbxts/spr",
			"version": "1.0.1",
			"license": "ISC",
			"devDependencies": {
				"@rbxts/types": "^1.0.720"
			}
		},
		"node_modules/@rbxts/types": {
			"version": "1.0.720",
			"resolved": "https://registry.npmjs.org/@rbxts/types/-/types-1.0.720.tgz",
			"integrity": "sha512-qhINYzZA1dsz534UdmQx1UKXVtBfBf26Lyh3mrX/5Lm6Iqjt0jDTtFn691BjA3xQlCU8oPec0gnRFxuIql0quA==",
			"dev": true
		}
	}
}
